
Microsoft Visual Studio Solution File, Format Version 12.00
# Visual Studio Version 17
VisualStudioVersion = 17.7.34031.279
MinimumVisualStudioVersion = 10.0.40219.1
Project("{FAE04EC0-301F-11D3-BF4B-00C04F79EFBC}") = "DrinkAndGo2", "DrinkAndGo2\DrinkAndGo2.csproj", "{FDAC98D0-C54B-4935-8998-4BCCCFD58556}"
EndProject
Global
	GlobalSection(SolutionConfigurationPlatforms) = preSolution
		Debug|Any CPU = Debug|Any CPU
		Release|Any CPU = Release|Any CPU
	EndGlobalSection
	GlobalSection(ProjectConfigurationPlatforms) = postSolution
		{FDAC98D0-C54B-4935-8998-4BCCCFD58556}.Debug|Any CPU.ActiveCfg = Debug|Any CPU
		{FDAC98D0-C54B-4935-8998-4BCCCFD58556}.Debug|Any CPU.Build.0 = Debug|Any CPU
		{FDAC98D0-C54B-4935-8998-4BCCCFD58556}.Release|Any CPU.ActiveCfg = Release|Any CPU
		{FDAC98D0-C54B-4935-8998-4BCCCFD58556}.Release|Any CPU.Build.0 = Release|Any CPU
	EndGlobalSection
	GlobalSection(SolutionProperties) = preSolution
		HideSolutionNode = FALSE
	EndGlobalSection
	GlobalSection(ExtensibilityGlobals) = postSolution
		SolutionGuid = {D1B13FC1-D365-406A-B205-4CA56E0EDE2E}
	EndGlobalSection
EndGlobal
